
Microsoft Visual Studio Solution File, Format Version 12.00
# Visual Studio Version 17
VisualStudioVersion = 17.11.35327.3
MinimumVisualStudioVersion = 10.0.40219.1
Project("{FAE04EC0-301F-11D3-BF4B-00C04F79EFBC}") = "AdvancedC#01", "AdvancedC#01\AdvancedC#01.csproj", "{C1C1D27E-AAFB-41D5-A8C8-509E9E2B4875}"
EndProject
Project("{FAE04EC0-301F-11D3-BF4B-00C04F79EFBC}") = "Assignment", "Assignment\Assignment.csproj", "{9239D79F-2492-4748-A372-A687BACB12CE}"
EndProject
Global
	GlobalSection(SolutionConfigurationPlatforms) = preSolution
		Debug|Any CPU = Debug|Any CPU
		Release|Any CPU = Release|Any CPU
	EndGlobalSection
	GlobalSection(ProjectConfigurationPlatforms) = postSolution
		{C1C1D27E-AAFB-41D5-A8C8-509E9E2B4875}.Debug|Any CPU.ActiveCfg = Debug|Any CPU
		{C1C1D27E-AAFB-41D5-A8C8-509E9E2B4875}.Debug|Any CPU.Build.0 = Debug|Any CPU
		{C1C1D27E-AAFB-41D5-A8C8-509E9E2B4875}.Release|Any CPU.ActiveCfg = Release|Any CPU
		{C1C1D27E-AAFB-41D5-A8C8-509E9E2B4875}.Release|Any CPU.Build.0 = Release|Any CPU
		{9239D79F-2492-4748-A372-A687BACB12CE}.Debug|Any CPU.ActiveCfg = Debug|Any CPU
		{9239D79F-2492-4748-A372-A687BACB12CE}.Debug|Any CPU.Build.0 = Debug|Any CPU
		{9239D79F-2492-4748-A372-A687BACB12CE}.Release|Any CPU.ActiveCfg = Release|Any CPU
		{9239D79F-2492-4748-A372-A687BACB12CE}.Release|Any CPU.Build.0 = Release|Any CPU
	EndGlobalSection
	GlobalSection(SolutionProperties) = preSolution
		HideSolutionNode = FALSE
	EndGlobalSection
	GlobalSection(ExtensibilityGlobals) = postSolution
		SolutionGuid = {66047A3C-6FEE-40C1-8CA4-3D8032191829}
	EndGlobalSection
EndGlobal
